
Microsoft Visual Studio Solution File, Format Version 12.00
# Visual Studio Version 17
VisualStudioVersion = 17.10.35013.160
MinimumVisualStudioVersion = 10.0.40219.1
Project("{FAE04EC0-301F-11D3-BF4B-00C04F79EFBC}") = "WebApplication1", "WebApplication1\WebApplication1.csproj", "{C06F91CC-5BA5-42BD-97EC-C3DA97F2A148}"
EndProject
Global
	GlobalSection(SolutionConfigurationPlatforms) = preSolution
		Debug|Any CPU = Debug|Any CPU
		Release|Any CPU = Release|Any CPU
	EndGlobalSection
	GlobalSection(ProjectConfigurationPlatforms) = postSolution
		{C06F91CC-5BA5-42BD-97EC-C3DA97F2A148}.Debug|Any CPU.ActiveCfg = Debug|Any CPU
		{C06F91CC-5BA5-42BD-97EC-C3DA97F2A148}.Debug|Any CPU.Build.0 = Debug|Any CPU
		{C06F91CC-5BA5-42BD-97EC-C3DA97F2A148}.Release|Any CPU.ActiveCfg = Release|Any CPU
		{C06F91CC-5BA5-42BD-97EC-C3DA97F2A148}.Release|Any CPU.Build.0 = Release|Any CPU
	EndGlobalSection
	GlobalSection(SolutionProperties) = preSolution
		HideSolutionNode = FALSE
	EndGlobalSection
	GlobalSection(ExtensibilityGlobals) = postSolution
		SolutionGuid = {3A28F050-7000-48AC-9599-5A11A2F7D4CC}
	EndGlobalSection
EndGlobal
